
Microsoft Visual Studio Solution File, Format Version 12.00
# Visual Studio 15
VisualStudioVersion = 15.0.26124.0
MinimumVisualStudioVersion = 15.0.26124.0
Project("{FAE04EC0-301F-11D3-BF4B-00C04F79EFBC}") = "GameTop", "GameTop\GameTop.csproj", "{95497D42-1C2F-4ED8-8469-61B39656B179}"
EndProject
Project("{FAE04EC0-301F-11D3-BF4B-00C04F79EFBC}") = "GameTop.Lib", "GameTop.Lib\GameTop.Lib.csproj", "{B895604C-B82C-4FF4-8AA7-F287D56076AF}"
EndProject
Project("{FAE04EC0-301F-11D3-BF4B-00C04F79EFBC}") = "GameTop.Interface", "GameTop.Interface\GameTop.Interface.csproj", "{DB21663A-CE77-481F-81FF-5C5FC7D6C631}"
EndProject
Global
	GlobalSection(SolutionConfigurationPlatforms) = preSolution
		Debug|Any CPU = Debug|Any CPU
		Debug|x64 = Debug|x64
		Debug|x86 = Debug|x86
		Release|Any CPU = Release|Any CPU
		Release|x64 = Release|x64
		Release|x86 = Release|x86
	EndGlobalSection
	GlobalSection(SolutionProperties) = preSolution
		HideSolutionNode = FALSE
	EndGlobalSection
	GlobalSection(ProjectConfigurationPlatforms) = postSolution
		{95497D42-1C2F-4ED8-8469-61B39656B179}.Debug|Any CPU.ActiveCfg = Debug|Any CPU
		{95497D42-1C2F-4ED8-8469-61B39656B179}.Debug|Any CPU.Build.0 = Debug|Any CPU
		{95497D42-1C2F-4ED8-8469-61B39656B179}.Debug|x64.ActiveCfg = Debug|Any CPU
		{95497D42-1C2F-4ED8-8469-61B39656B179}.Debug|x64.Build.0 = Debug|Any CPU
		{95497D42-1C2F-4ED8-8469-61B39656B179}.Debug|x86.ActiveCfg = Debug|Any CPU
		{95497D42-1C2F-4ED8-8469-61B39656B179}.Debug|x86.Build.0 = Debug|Any CPU
		{95497D42-1C2F-4ED8-8469-61B39656B179}.Release|Any CPU.ActiveCfg = Release|Any CPU
		{95497D42-1C2F-4ED8-8469-61B39656B179}.Release|Any CPU.Build.0 = Release|Any CPU
		{95497D42-1C2F-4ED8-8469-61B39656B179}.Release|x64.ActiveCfg = Release|Any CPU
		{95497D42-1C2F-4ED8-8469-61B39656B179}.Release|x64.Build.0 = Release|Any CPU
		{95497D42-1C2F-4ED8-8469-61B39656B179}.Release|x86.ActiveCfg = Release|Any CPU
		{95497D42-1C2F-4ED8-8469-61B39656B179}.Release|x86.Build.0 = Release|Any CPU
		{B895604C-B82C-4FF4-8AA7-F287D56076AF}.Debug|Any CPU.ActiveCfg = Debug|Any CPU
		{B895604C-B82C-4FF4-8AA7-F287D56076AF}.Debug|Any CPU.Build.0 = Debug|Any CPU
		{B895604C-B82C-4FF4-8AA7-F287D56076AF}.Debug|x64.ActiveCfg = Debug|Any CPU
		{B895604C-B82C-4FF4-8AA7-F287D56076AF}.Debug|x64.Build.0 = Debug|Any CPU
		{B895604C-B82C-4FF4-8AA7-F287D56076AF}.Debug|x86.ActiveCfg = Debug|Any CPU
		{B895604C-B82C-4FF4-8AA7-F287D56076AF}.Debug|x86.Build.0 = Debug|Any CPU
		{B895604C-B82C-4FF4-8AA7-F287D56076AF}.Release|Any CPU.ActiveCfg = Release|Any CPU
		{B895604C-B82C-4FF4-8AA7-F287D56076AF}.Release|Any CPU.Build.0 = Release|Any CPU
		{B895604C-B82C-4FF4-8AA7-F287D56076AF}.Release|x64.ActiveCfg = Release|Any CPU
		{B895604C-B82C-4FF4-8AA7-F287D56076AF}.Release|x64.Build.0 = Release|Any CPU
		{B895604C-B82C-4FF4-8AA7-F287D56076AF}.Release|x86.ActiveCfg = Release|Any CPU
		{B895604C-B82C-4FF4-8AA7-F287D56076AF}.Release|x86.Build.0 = Release|Any CPU
		{DB21663A-CE77-481F-81FF-5C5FC7D6C631}.Debug|Any CPU.ActiveCfg = Debug|Any CPU
		{DB21663A-CE77-481F-81FF-5C5FC7D6C631}.Debug|Any CPU.Build.0 = Debug|Any CPU
		{DB21663A-CE77-481F-81FF-5C5FC7D6C631}.Debug|x64.ActiveCfg = Debug|Any CPU
		{DB21663A-CE77-481F-81FF-5C5FC7D6C631}.Debug|x64.Build.0 = Debug|Any CPU
		{DB21663A-CE77-481F-81FF-5C5FC7D6C631}.Debug|x86.ActiveCfg = Debug|Any CPU
		{DB21663A-CE77-481F-81FF-5C5FC7D6C631}.Debug|x86.Build.0 = Debug|Any CPU
		{DB21663A-CE77-481F-81FF-5C5FC7D6C631}.Release|Any CPU.ActiveCfg = Release|Any CPU
		{DB21663A-CE77-481F-81FF-5C5FC7D6C631}.Release|Any CPU.Build.0 = Release|Any CPU
		{DB21663A-CE77-481F-81FF-5C5FC7D6C631}.Release|x64.ActiveCfg = Release|Any CPU
		{DB21663A-CE77-481F-81FF-5C5FC7D6C631}.Release|x64.Build.0 = Release|Any CPU
		{DB21663A-CE77-481F-81FF-5C5FC7D6C631}.Release|x86.ActiveCfg = Release|Any CPU
		{DB21663A-CE77-481F-81FF-5C5FC7D6C631}.Release|x86.Build.0 = Release|Any CPU
	EndGlobalSection
EndGlobal
